
Microsoft Visual Studio Solution File, Format Version 12.00
# Visual Studio Version 16
VisualStudioVersion = 16.0.32802.440
MinimumVisualStudioVersion = 10.0.40219.1
Project("{FAE04EC0-301F-11D3-BF4B-00C04F79EFBC}") = "Oops_Abstraction", "Oops_Abstraction.csproj", "{77CBB312-3852-44EC-A270-AD4B563C6BDE}"
EndProject
Global
	GlobalSection(SolutionConfigurationPlatforms) = preSolution
		Debug|Any CPU = Debug|Any CPU
		Release|Any CPU = Release|Any CPU
	EndGlobalSection
	GlobalSection(ProjectConfigurationPlatforms) = postSolution
		{77CBB312-3852-44EC-A270-AD4B563C6BDE}.Debug|Any CPU.ActiveCfg = Debug|Any CPU
		{77CBB312-3852-44EC-A270-AD4B563C6BDE}.Debug|Any CPU.Build.0 = Debug|Any CPU
		{77CBB312-3852-44EC-A270-AD4B563C6BDE}.Release|Any CPU.ActiveCfg = Release|Any CPU
		{77CBB312-3852-44EC-A270-AD4B563C6BDE}.Release|Any CPU.Build.0 = Release|Any CPU
	EndGlobalSection
	GlobalSection(SolutionProperties) = preSolution
		HideSolutionNode = FALSE
	EndGlobalSection
	GlobalSection(ExtensibilityGlobals) = postSolution
		SolutionGuid = {97192ACF-6D48-49F3-BC91-B4D24473A64D}
	EndGlobalSection
EndGlobal
