
Microsoft Visual Studio Solution File, Format Version 12.00
# Visual Studio Version 16
VisualStudioVersion = 16.0.32802.440
MinimumVisualStudioVersion = 10.0.40219.1
Project("{FAE04EC0-301F-11D3-BF4B-00C04F79EFBC}") = "Variable_Operators_Day2", "Variable_Operators_Day2.csproj", "{C38474C9-E75D-4289-BCD1-D7F675747904}"
EndProject
Global
	GlobalSection(SolutionConfigurationPlatforms) = preSolution
		Debug|Any CPU = Debug|Any CPU
		Release|Any CPU = Release|Any CPU
	EndGlobalSection
	GlobalSection(ProjectConfigurationPlatforms) = postSolution
		{C38474C9-E75D-4289-BCD1-D7F675747904}.Debug|Any CPU.ActiveCfg = Debug|Any CPU
		{C38474C9-E75D-4289-BCD1-D7F675747904}.Debug|Any CPU.Build.0 = Debug|Any CPU
		{C38474C9-E75D-4289-BCD1-D7F675747904}.Release|Any CPU.ActiveCfg = Release|Any CPU
		{C38474C9-E75D-4289-BCD1-D7F675747904}.Release|Any CPU.Build.0 = Release|Any CPU
	EndGlobalSection
	GlobalSection(SolutionProperties) = preSolution
		HideSolutionNode = FALSE
	EndGlobalSection
	GlobalSection(ExtensibilityGlobals) = postSolution
		SolutionGuid = {CE0DF09E-482F-4CB6-95BF-46B40A1B5F39}
	EndGlobalSection
EndGlobal
