
Microsoft Visual Studio Solution File, Format Version 12.00
# Visual Studio Version 16
VisualStudioVersion = 16.0.32802.440
MinimumVisualStudioVersion = 10.0.40219.1
Project("{FAE04EC0-301F-11D3-BF4B-00C04F79EFBC}") = "Opps_Polymorphism", "Opps_Polymorphism.csproj", "{DF6BA8A4-ABD0-41D0-BF80-A75FB8EC920C}"
EndProject
Global
	GlobalSection(SolutionConfigurationPlatforms) = preSolution
		Debug|Any CPU = Debug|Any CPU
		Release|Any CPU = Release|Any CPU
	EndGlobalSection
	GlobalSection(ProjectConfigurationPlatforms) = postSolution
		{DF6BA8A4-ABD0-41D0-BF80-A75FB8EC920C}.Debug|Any CPU.ActiveCfg = Debug|Any CPU
		{DF6BA8A4-ABD0-41D0-BF80-A75FB8EC920C}.Debug|Any CPU.Build.0 = Debug|Any CPU
		{DF6BA8A4-ABD0-41D0-BF80-A75FB8EC920C}.Release|Any CPU.ActiveCfg = Release|Any CPU
		{DF6BA8A4-ABD0-41D0-BF80-A75FB8EC920C}.Release|Any CPU.Build.0 = Release|Any CPU
	EndGlobalSection
	GlobalSection(SolutionProperties) = preSolution
		HideSolutionNode = FALSE
	EndGlobalSection
	GlobalSection(ExtensibilityGlobals) = postSolution
		SolutionGuid = {9A610159-63D2-48EF-A78F-3BDA52924F5C}
	EndGlobalSection
EndGlobal
